{
  "name": "A",
  "version": "0.1.0",
  // metadata...
  "dependencies": {
    "B": {
      "version": "0.0.1",
      "resolved": "https://registry.npmjs.org/B/-/B-0.0.1.tgz",
      "integrity": "sha512-DeAdb33F+"
      "dependencies": {
        "C": {
          "version": "git://github.com/org/C.git#5c380ae319fc4efe9e7f2d9c78b0faa588fd99b4"
        }
      }
    }
  }
}
